
Microsoft Visual Studio Solution File, Format Version 12.00
# Visual Studio Version 17
VisualStudioVersion = 17.10.34916.146
MinimumVisualStudioVersion = 10.0.40219.1
Project("{FAE04EC0-301F-11D3-BF4B-00C04F79EFBC}") = "TaskManagerAngular.Api", "TaskManagerAngular.Api\TaskManagerAngular.Api.csproj", "{CE5DD227-282F-41F5-846C-21C249127A4D}"
EndProject
Global
	GlobalSection(SolutionConfigurationPlatforms) = preSolution
		Debug|Any CPU = Debug|Any CPU
		Debug|x64 = Debug|x64
		Release|Any CPU = Release|Any CPU
		Release|x64 = Release|x64
	EndGlobalSection
	GlobalSection(ProjectConfigurationPlatforms) = postSolution
		{CE5DD227-282F-41F5-846C-21C249127A4D}.Debug|Any CPU.ActiveCfg = Debug|Any CPU
		{CE5DD227-282F-41F5-846C-21C249127A4D}.Debug|Any CPU.Build.0 = Debug|Any CPU
		{CE5DD227-282F-41F5-846C-21C249127A4D}.Debug|x64.ActiveCfg = Debug|x64
		{CE5DD227-282F-41F5-846C-21C249127A4D}.Debug|x64.Build.0 = Debug|x64
		{CE5DD227-282F-41F5-846C-21C249127A4D}.Release|Any CPU.ActiveCfg = Release|Any CPU
		{CE5DD227-282F-41F5-846C-21C249127A4D}.Release|Any CPU.Build.0 = Release|Any CPU
		{CE5DD227-282F-41F5-846C-21C249127A4D}.Release|x64.ActiveCfg = Release|x64
		{CE5DD227-282F-41F5-846C-21C249127A4D}.Release|x64.Build.0 = Release|x64
	EndGlobalSection
	GlobalSection(SolutionProperties) = preSolution
		HideSolutionNode = FALSE
	EndGlobalSection
	GlobalSection(ExtensibilityGlobals) = postSolution
		SolutionGuid = {E92096D8-17D4-4D5C-BF64-6FD67CF187E9}
	EndGlobalSection
EndGlobal
